<?xml version="1.0" encoding="utf-8"?>
<Project ToolsVersion="4.0" xmlns="http://schemas.microsoft.com/developer/msbuild/2003">
  <ItemGroup>
    <Filter Include="Source Files">
      <UniqueIdentifier>{4FC737F1-C7A5-4376-A066-2A32D752A2FF}</UniqueIdentifier>
      <Extensions>cpp;c;cc;cxx;c++;cppm;ixx;def;odl;idl;hpj;bat;asm;asmx</Extensions>
    </Filter>
    <Filter Include="Header Files">
      <UniqueIdentifier>{93995380-89BD-4b04-88EB-625FBE52EBFB}</UniqueIdentifier>
      <Extensions>h;hh;hpp;hxx;h++;hm;inl;inc;ipp;xsd</Extensions>
    </Filter>
    <Filter Include="Resource Files">
      <UniqueIdentifier>{67DA6AB6-F800-4c08-8B7A-83BB121AAD01}</UniqueIdentifier>
      <Extensions>rc;ico;cur;bmp;dlg;rc2;rct;bin;rgs;gif;jpg;jpeg;jpe;resx;tiff;tif;png;wav;mfcribbon-ms</Extensions>
    </Filter>
    <Filter Include="Header Files\problem_10">
      <UniqueIdentifier>{c59b30df-e360-4f56-a39b-64f9167b8ad8}</UniqueIdentifier>
    </Filter>
    <Filter Include="Source Files\problem_10">
      <UniqueIdentifier>{b53c57cc-7379-4ea4-b997-f545a71faa69}</UniqueIdentifier>
    </Filter>
  </ItemGroup>
  <ItemGroup>
    <ClInclude Include="problem_01.hpp">
      <Filter>Header Files</Filter>
    </ClInclude>
    <ClInclude Include="problem_03.hpp">
      <Filter>Header Files</Filter>
    </ClInclude>
    <ClInclude Include="problem.hpp">
      <Filter>Header Files</Filter>
    </ClInclude>
    <ClInclude Include="problem_02.hpp">
      <Filter>Header Files</Filter>
    </ClInclude>
    <ClInclude Include="problem_04.hpp">
      <Filter>Header Files</Filter>
    </ClInclude>
    <ClInclude Include="problem_05.hpp">
      <Filter>Header Files</Filter>
    </ClInclude>
    <ClInclude Include="problem_template.h">
      <Filter>Header Files</Filter>
    </ClInclude>
    <ClInclude Include="problem_06.hpp">
      <Filter>Header Files</Filter>
    </ClInclude>
    <ClInclude Include="problem_07.hpp">
      <Filter>Header Files</Filter>
    </ClInclude>
    <ClInclude Include="utils.hpp">
      <Filter>Header Files</Filter>
    </ClInclude>
    <ClInclude Include="problem_08.hpp">
      <Filter>Header Files</Filter>
    </ClInclude>
    <ClInclude Include="problem_09.hpp">
      <Filter>Header Files</Filter>
    </ClInclude>
    <ClInclude Include="grid.hpp">
      <Filter>Header Files</Filter>
    </ClInclude>
    <ClInclude Include="cpu.hpp">
      <Filter>Header Files\problem_10</Filter>
    </ClInclude>
    <ClInclude Include="op.hpp">
      <Filter>Header Files\problem_10</Filter>
    </ClInclude>
    <ClInclude Include="problem_10.hpp">
      <Filter>Header Files</Filter>
    </ClInclude>
    <ClInclude Include="crt.hpp">
      <Filter>Header Files\problem_10</Filter>
    </ClInclude>
  </ItemGroup>
  <ItemGroup>
    <Text Include="01.txt">
      <Filter>Resource Files</Filter>
    </Text>
    <Text Include="01_TEST.txt">
      <Filter>Resource Files</Filter>
    </Text>
    <Text Include="02.txt">
      <Filter>Resource Files</Filter>
    </Text>
    <Text Include="02_TEST.txt">
      <Filter>Resource Files</Filter>
    </Text>
    <Text Include="03.txt">
      <Filter>Resource Files</Filter>
    </Text>
    <Text Include="03_TEST.txt">
      <Filter>Resource Files</Filter>
    </Text>
    <Text Include="04_TEST.txt">
      <Filter>Resource Files</Filter>
    </Text>
    <Text Include="04.txt">
      <Filter>Resource Files</Filter>
    </Text>
    <Text Include="05_TEST.txt">
      <Filter>Resource Files</Filter>
    </Text>
    <Text Include="05.txt">
      <Filter>Resource Files</Filter>
    </Text>
    <Text Include="06_TEST.txt">
      <Filter>Resource Files</Filter>
    </Text>
    <Text Include="06.txt">
      <Filter>Resource Files</Filter>
    </Text>
    <Text Include="07_TEST.txt">
      <Filter>Resource Files</Filter>
    </Text>
    <Text Include="07.txt">
      <Filter>Resource Files</Filter>
    </Text>
    <Text Include="08_TEST.txt">
      <Filter>Resource Files</Filter>
    </Text>
    <Text Include="08.txt">
      <Filter>Resource Files</Filter>
    </Text>
    <Text Include="09_TEST.txt">
      <Filter>Resource Files</Filter>
    </Text>
    <Text Include="09.txt">
      <Filter>Resource Files</Filter>
    </Text>
    <Text Include="10_TEST.txt">
      <Filter>Resource Files</Filter>
    </Text>
    <Text Include="10.txt">
      <Filter>Resource Files</Filter>
    </Text>
  </ItemGroup>
  <ItemGroup>
    <ClCompile Include="main.cpp">
      <Filter>Source Files</Filter>
    </ClCompile>
    <ClCompile Include="utils.cpp">
      <Filter>Source Files</Filter>
    </ClCompile>
    <ClCompile Include="cpu.cpp">
      <Filter>Source Files\problem_10</Filter>
    </ClCompile>
    <ClCompile Include="crt.cpp">
      <Filter>Source Files\problem_10</Filter>
    </ClCompile>
  </ItemGroup>
</Project>